// !$*UTF8*$!
{
	archiveVersion = 1;
	classes = {
	};
	objectVersion = 56;
	objects = {

/* Begin PBXBuildFile section */
		B70370EA2DAD9C43002D6791 /* AppDelegate.swift in Sources */ = {isa = PBXBuildFile; fileRef = B70370E92DAD9C43002D6791 /* AppDelegate.swift */; };
		B70370EC2DAD9C43002D6791 /* SceneDelegate.swift in Sources */ = {isa = PBXBuildFile; fileRef = B70370EB2DAD9C43002D6791 /* SceneDelegate.swift */; };
		B70370EE2DAD9C43002D6791 /* ViewController.swift in Sources */ = {isa = PBXBuildFile; fileRef = B70370ED2DAD9C43002D6791 /* ViewController.swift */; };
		B70370F12DAD9C43002D6791 /* Main.storyboard in Resources */ = {isa = PBXBuildFile; fileRef = B70370EF2DAD9C43002D6791 /* Main.storyboard */; };
		B70370F42DAD9C43002D6791 /* Proyecto_Grupo02_Zavala.xcdatamodeld in Sources */ = {isa = PBXBuildFile; fileRef = B70370F22DAD9C43002D6791 /* Proyecto_Grupo02_Zavala.xcdatamodeld */; };
		B70370F62DAD9C44002D6791 /* Assets.xcassets in Resources */ = {isa = PBXBuildFile; fileRef = B70370F52DAD9C44002D6791 /* Assets.xcassets */; };
		B70370F92DAD9C44002D6791 /* LaunchScreen.storyboard in Resources */ = {isa = PBXBuildFile; fileRef = B70370F72DAD9C44002D6791 /* LaunchScreen.storyboard */; };
		B7299BBA2DADC618006EAFA1 /* RegistrarViewController.swift in Sources */ = {isa = PBXBuildFile; fileRef = B7299BB82DADC618006EAFA1 /* RegistrarViewController.swift */; };
		B7299BBB2DADC618006EAFA1 /* RegistrarViewController.xib in Resources */ = {isa = PBXBuildFile; fileRef = B7299BB92DADC618006EAFA1 /* RegistrarViewController.xib */; };
/* End PBXBuildFile section */

/* Begin PBXFileReference section */
		B70370E62DAD9C43002D6791 /* Proyecto_Grupo02_Zavala.app */ = {isa = PBXFileReference; explicitFileType = wrapper.application; includeInIndex = 0; path = Proyecto_Grupo02_Zavala.app; sourceTree = BUILT_PRODUCTS_DIR; };
		B70370E92DAD9C43002D6791 /* AppDelegate.swift */ = {isa = PBXFileReference; lastKnownFileType = sourcecode.swift; path = AppDelegate.swift; sourceTree = "<group>"; };
		B70370EB2DAD9C43002D6791 /* SceneDelegate.swift */ = {isa = PBXFileReference; lastKnownFileType = sourcecode.swift; path = SceneDelegate.swift; sourceTree = "<group>"; };
		B70370ED2DAD9C43002D6791 /* ViewController.swift */ = {isa = PBXFileReference; lastKnownFileType = sourcecode.swift; path = ViewController.swift; sourceTree = "<group>"; };
		B70370F02DAD9C43002D6791 /* Base */ = {isa = PBXFileReference; lastKnownFileType = file.storyboard; name = Base; path = Base.lproj/Main.storyboard; sourceTree = "<group>"; };
		B70370F32DAD9C43002D6791 /* Proyecto_Grupo02_Zavala.xcdatamodel */ = {isa = PBXFileReference; lastKnownFileType = wrapper.xcdatamodel; path = Proyecto_Grupo02_Zavala.xcdatamodel; sourceTree = "<group>"; };
		B70370F52DAD9C44002D6791 /* Assets.xcassets */ = {isa = PBXFileReference; lastKnownFileType = folder.assetcatalog; path = Assets.xcassets; sourceTree = "<group>"; };
		B70370F82DAD9C44002D6791 /* Base */ = {isa = PBXFileReference; lastKnownFileType = file.storyboard; name = Base; path = Base.lproj/LaunchScreen.storyboard; sourceTree = "<group>"; };
		B70370FA2DAD9C44002D6791 /* Proyecto_Grupo02_Zavala.entitlements */ = {isa = PBXFileReference; lastKnownFileType = text.plist.entitlements; path = Proyecto_Grupo02_Zavala.entitlements; sourceTree = "<group>"; };
		B70370FB2DAD9C44002D6791 /* Info.plist */ = {isa = PBXFileReference; lastKnownFileType = text.plist.xml; path = Info.plist; sourceTree = "<group>"; };
		B7299BB82DADC618006EAFA1 /* RegistrarViewController.swift */ = {isa = PBXFileReference; lastKnownFileType = sourcecode.swift; path = RegistrarViewController.swift; sourceTree = "<group>"; };
		B7299BB92DADC618006EAFA1 /* RegistrarViewController.xib */ = {isa = PBXFileReference; lastKnownFileType = file.xib; path = RegistrarViewController.xib; sourceTree = "<group>"; };
/* End PBXFileReference section */

/* Begin PBXFrameworksBuildPhase section */
		B70370E32DAD9C43002D6791 /* Frameworks */ = {
			isa = PBXFrameworksBuildPhase;
			buildActionMask = 2147483647;
			files = (
			);
			runOnlyForDeploymentPostprocessing = 0;
		};
/* End PBXFrameworksBuildPhase section */

/* Begin PBXGroup section */
		B70370DD2DAD9C43002D6791 = {
			isa = PBXGroup;
			children = (
				B70370E82DAD9C43002D6791 /* Proyecto_Grupo02_Zavala */,
				B70370E72DAD9C43002D6791 /* Products */,
			);
			sourceTree = "<group>";
		};
		B70370E72DAD9C43002D6791 /* Products */ = {
			isa = PBXGroup;
			children = (
				B70370E62DAD9C43002D6791 /* Proyecto_Grupo02_Zavala.app */,
			);
			name = Products;
			sourceTree = "<group>";
		};
		B70370E82DAD9C43002D6791 /* Proyecto_Grupo02_Zavala */ = {
			isa = PBXGroup;
			children = (
				B70370E92DAD9C43002D6791 /* AppDelegate.swift */,
				B70370EB2DAD9C43002D6791 /* SceneDelegate.swift */,
				B70370ED2DAD9C43002D6791 /* ViewController.swift */,
				B70370EF2DAD9C43002D6791 /* Main.storyboard */,
				B70370F52DAD9C44002D6791 /* Assets.xcassets */,
				B70370F72DAD9C44002D6791 /* LaunchScreen.storyboard */,
				B70370FA2DAD9C44002D6791 /* Proyecto_Grupo02_Zavala.entitlements */,
				B70370FB2DAD9C44002D6791 /* Info.plist */,
				B70370F22DAD9C43002D6791 /* Proyecto_Grupo02_Zavala.xcdatamodeld */,
				B7299BB82DADC618006EAFA1 /* RegistrarViewController.swift */,
				B7299BB92DADC618006EAFA1 /* RegistrarViewController.xib */,
			);
			path = Proyecto_Grupo02_Zavala;
			sourceTree = "<group>";
		};
/* End PBXGroup section */

/* Begin PBXNativeTarget section */
		B70370E52DAD9C43002D6791 /* Proyecto_Grupo02_Zavala */ = {
			isa = PBXNativeTarget;
			buildConfigurationList = B70370FE2DAD9C44002D6791 /* Build configuration list for PBXNativeTarget "Proyecto_Grupo02_Zavala" */;
			buildPhases = (
				B70370E22DAD9C43002D6791 /* Sources */,
				B70370E32DAD9C43002D6791 /* Frameworks */,
				B70370E42DAD9C43002D6791 /* Resources */,
			);
			buildRules = (
			);
			dependencies = (
			);
			name = Proyecto_Grupo02_Zavala;
			productName = Proyecto_Grupo02_Zavala;
			productReference = B70370E62DAD9C43002D6791 /* Proyecto_Grupo02_Zavala.app */;
			productType = "com.apple.product-type.application";
		};
/* End PBXNativeTarget section */

/* Begin PBXProject section */
		B70370DE2DAD9C43002D6791 /* Project object */ = {
			isa = PBXProject;
			attributes = {
				BuildIndependentTargetsInParallel = 1;
				LastSwiftUpdateCheck = 1520;
				LastUpgradeCheck = 1520;
				TargetAttributes = {
					B70370E52DAD9C43002D6791 = {
						CreatedOnToolsVersion = 15.2;
					};
				};
			};
			buildConfigurationList = B70370E12DAD9C43002D6791 /* Build configuration list for PBXProject "Proyecto_Grupo02_Zavala" */;
			compatibilityVersion = "Xcode 14.0";
			developmentRegion = en;
			hasScannedForEncodings = 0;
			knownRegions = (
				en,
				Base,
			);
			mainGroup = B70370DD2DAD9C43002D6791;
			productRefGroup = B70370E72DAD9C43002D6791 /* Products */;
			projectDirPath = "";
			projectRoot = "";
			targets = (
				B70370E52DAD9C43002D6791 /* Proyecto_Grupo02_Zavala */,
			);
		};
/* End PBXProject section */

/* Begin PBXResourcesBuildPhase section */
		B70370E42DAD9C43002D6791 /* Resources */ = {
			isa = PBXResourcesBuildPhase;
			buildActionMask = 2147483647;
			files = (
				B70370F92DAD9C44002D6791 /* LaunchScreen.storyboard in Resources */,
				B70370F62DAD9C44002D6791 /* Assets.xcassets in Resources */,
				B7299BBB2DADC618006EAFA1 /* RegistrarViewController.xib in Resources */,
				B70370F12DAD9C43002D6791 /* Main.storyboard in Resources */,
			);
			runOnlyForDeploymentPostprocessing = 0;
		};
/* End PBXResourcesBuildPhase section */

/* Begin PBXSourcesBuildPhase section */
		B70370E22DAD9C43002D6791 /* Sources */ = {
			isa = PBXSourcesBuildPhase;
			buildActionMask = 2147483647;
			files = (
				B70370EE2DAD9C43002D6791 /* ViewController.swift in Sources */,
				B7299BBA2DADC618006EAFA1 /* RegistrarViewController.swift in Sources */,
				B70370F42DAD9C43002D6791 /* Proyecto_Grupo02_Zavala.xcdatamodeld in Sources */,
				B70370EA2DAD9C43002D6791 /* AppDelegate.swift in Sources */,
				B70370EC2DAD9C43002D6791 /* SceneDelegate.swift in Sources */,
			);
			runOnlyForDeploymentPostprocessing = 0;
		};
/* End PBXSourcesBuildPhase section */

/* Begin PBXVariantGroup section */
		B70370EF2DAD9C43002D6791 /* Main.storyboard */ = {
			isa = PBXVariantGroup;
			children = (
				B70370F02DAD9C43002D6791 /* Base */,
			);
			name = Main.storyboard;
			sourceTree = "<group>";
		};
		B70370F72DAD9C44002D6791 /* LaunchScreen.storyboard */ = {
			isa = PBXVariantGroup;
			children = (
				B70370F82DAD9C44002D6791 /* Base */,
			);
			name = LaunchScreen.storyboard;
			sourceTree = "<group>";
		};
/* End PBXVariantGroup section */

/* Begin XCBuildConfiguration section */
		B70370FC2DAD9C44002D6791 /* Debug */ = {
			isa = XCBuildConfiguration;
			buildSettings = {
				ALWAYS_SEARCH_USER_PATHS = NO;
				ASSETCATALOG_COMPILER_GENERATE_SWIFT_ASSET_SYMBOL_EXTENSIONS = YES;
				CLANG_ANALYZER_NONNULL = YES;
				CLANG_ANALYZER_NUMBER_OBJECT_CONVERSION = YES_AGGRESSIVE;
				CLANG_CXX_LANGUAGE_STANDARD = "gnu++20";
				CLANG_ENABLE_MODULES = YES;
				CLANG_ENABLE_OBJC_ARC = YES;
				CLANG_ENABLE_OBJC_WEAK = YES;
				CLANG_WARN_BLOCK_CAPTURE_AUTORELEASING = YES;
				CLANG_WARN_BOOL_CONVERSION = YES;
				CLANG_WARN_COMMA = YES;
				CLANG_WARN_CONSTANT_CONVERSION = YES;
				CLANG_WARN_DEPRECATED_OBJC_IMPLEMENTATIONS = YES;
				CLANG_WARN_DIRECT_OBJC_ISA_USAGE = YES_ERROR;
				CLANG_WARN_DOCUMENTATION_COMMENTS = YES;
				CLANG_WARN_EMPTY_BODY = YES;
				CLANG_WARN_ENUM_CONVERSION = YES;
				CLANG_WARN_INFINITE_RECURSION = YES;
				CLANG_WARN_INT_CONVERSION = YES;
				CLANG_WARN_NON_LITERAL_NULL_CONVERSION = YES;
				CLANG_WARN_OBJC_IMPLICIT_RETAIN_SELF = YES;
				CLANG_WARN_OBJC_LITERAL_CONVERSION = YES;
				CLANG_WARN_OBJC_ROOT_CLASS = YES_ERROR;
				CLANG_WARN_QUOTED_INCLUDE_IN_FRAMEWORK_HEADER = YES;
				CLANG_WARN_RANGE_LOOP_ANALYSIS = YES;
				CLANG_WARN_STRICT_PROTOTYPES = YES;
				CLANG_WARN_SUSPICIOUS_MOVE = YES;
				CLANG_WARN_UNGUARDED_AVAILABILITY = YES_AGGRESSIVE;
				CLANG_WARN_UNREACHABLE_CODE = YES;
				CLANG_WARN__DUPLICATE_METHOD_MATCH = YES;
				COPY_PHASE_STRIP = NO;
				DEBUG_INFORMATION_FORMAT = dwarf;
				ENABLE_STRICT_OBJC_MSGSEND = YES;
				ENABLE_TESTABILITY = YES;
				ENABLE_USER_SCRIPT_SANDBOXING = YES;
				GCC_C_LANGUAGE_STANDARD = gnu17;
				GCC_DYNAMIC_NO_PIC = NO;
				GCC_NO_COMMON_BLOCKS = YES;
				GCC_OPTIMIZATION_LEVEL = 0;
				GCC_PREPROCESSOR_DEFINITIONS = (
					"DEBUG=1",
					"$(inherited)",
				);
				GCC_WARN_64_TO_32_BIT_CONVERSION = YES;
				GCC_WARN_ABOUT_RETURN_TYPE = YES_ERROR;
				GCC_WARN_UNDECLARED_SELECTOR = YES;
				GCC_WARN_UNINITIALIZED_AUTOS = YES_AGGRESSIVE;
				GCC_WARN_UNUSED_FUNCTION = YES;
				GCC_WARN_UNUSED_VARIABLE = YES;
				IPHONEOS_DEPLOYMENT_TARGET = 17.2;
				LOCALIZATION_PREFERS_STRING_CATALOGS = YES;
				MTL_ENABLE_DEBUG_INFO = INCLUDE_SOURCE;
				MTL_FAST_MATH = YES;
				ONLY_ACTIVE_ARCH = YES;
				SDKROOT = iphoneos;
				SWIFT_ACTIVE_COMPILATION_CONDITIONS = "DEBUG $(inherited)";
				SWIFT_OPTIMIZATION_LEVEL = "-Onone";
			};
			name = Debug;
		};
		B70370FD2DAD9C44002D6791 /* Release */ = {
			isa = XCBuildConfiguration;
			buildSettings = {
				ALWAYS_SEARCH_USER_PATHS = NO;
				ASSETCATALOG_COMPILER_GENERATE_SWIFT_ASSET_SYMBOL_EXTENSIONS = YES;
				CLANG_ANALYZER_NONNULL = YES;
				CLANG_ANALYZER_NUMBER_OBJECT_CONVERSION = YES_AGGRESSIVE;
				CLANG_CXX_LANGUAGE_STANDARD = "gnu++20";
				CLANG_ENABLE_MODULES = YES;
				CLANG_ENABLE_OBJC_ARC = YES;
				CLANG_ENABLE_OBJC_WEAK = YES;
				CLANG_WARN_BLOCK_CAPTURE_AUTORELEASING = YES;
				CLANG_WARN_BOOL_CONVERSION = YES;
				CLANG_WARN_COMMA = YES;
				CLANG_WARN_CONSTANT_CONVERSION = YES;
				CLANG_WARN_DEPRECATED_OBJC_IMPLEMENTATIONS = YES;
				CLANG_WARN_DIRECT_OBJC_ISA_USAGE = YES_ERROR;
				CLANG_WARN_DOCUMENTATION_COMMENTS = YES;
				CLANG_WARN_EMPTY_BODY = YES;
				CLANG_WARN_ENUM_CONVERSION = YES;
				CLANG_WARN_INFINITE_RECURSION = YES;
				CLANG_WARN_INT_CONVERSION = YES;
				CLANG_WARN_NON_LITERAL_NULL_CONVERSION = YES;
				CLANG_WARN_OBJC_IMPLICIT_RETAIN_SELF = YES;
				CLANG_WARN_OBJC_LITERAL_CONVERSION = YES;
				CLANG_WARN_OBJC_ROOT_CLASS = YES_ERROR;
				CLANG_WARN_QUOTED_INCLUDE_IN_FRAMEWORK_HEADER = YES;
				CLANG_WARN_RANGE_LOOP_ANALYSIS = YES;
				CLANG_WARN_STRICT_PROTOTYPES = YES;
				CLANG_WARN_SUSPICIOUS_MOVE = YES;
				CLANG_WARN_UNGUARDED_AVAILABILITY = YES_AGGRESSIVE;
				CLANG_WARN_UNREACHABLE_CODE = YES;
				CLANG_WARN__DUPLICATE_METHOD_MATCH = YES;
				COPY_PHASE_STRIP = NO;
				DEBUG_INFORMATION_FORMAT = "dwarf-with-dsym";
				ENABLE_NS_ASSERTIONS = NO;
				ENABLE_STRICT_OBJC_MSGSEND = YES;
				ENABLE_USER_SCRIPT_SANDBOXING = YES;
				GCC_C_LANGUAGE_STANDARD = gnu17;
				GCC_NO_COMMON_BLOCKS = YES;
				GCC_WARN_64_TO_32_BIT_CONVERSION = YES;
				GCC_WARN_ABOUT_RETURN_TYPE = YES_ERROR;
				GCC_WARN_UNDECLARED_SELECTOR = YES;
				GCC_WARN_UNINITIALIZED_AUTOS = YES_AGGRESSIVE;
				GCC_WARN_UNUSED_FUNCTION = YES;
				GCC_WARN_UNUSED_VARIABLE = YES;
				IPHONEOS_DEPLOYMENT_TARGET = 17.2;
				LOCALIZATION_PREFERS_STRING_CATALOGS = YES;
				MTL_ENABLE_DEBUG_INFO = NO;
				MTL_FAST_MATH = YES;
				SDKROOT = iphoneos;
				SWIFT_COMPILATION_MODE = wholemodule;
				VALIDATE_PRODUCT = YES;
			};
			name = Release;
		};
		B70370FF2DAD9C44002D6791 /* Debug */ = {
			isa = XCBuildConfiguration;
			buildSettings = {
				ASSETCATALOG_COMPILER_APPICON_NAME = AppIcon;
				ASSETCATALOG_COMPILER_GLOBAL_ACCENT_COLOR_NAME = AccentColor;
				CODE_SIGN_ENTITLEMENTS = Proyecto_Grupo02_Zavala/Proyecto_Grupo02_Zavala.entitlements;
				CODE_SIGN_STYLE = Automatic;
				CURRENT_PROJECT_VERSION = 1;
				GENERATE_INFOPLIST_FILE = YES;
				INFOPLIST_FILE = Proyecto_Grupo02_Zavala/Info.plist;
				INFOPLIST_KEY_UIApplicationSupportsIndirectInputEvents = YES;
				INFOPLIST_KEY_UILaunchStoryboardName = LaunchScreen;
				INFOPLIST_KEY_UIMainStoryboardFile = Main;
				INFOPLIST_KEY_UISupportedInterfaceOrientations_iPad = "UIInterfaceOrientationPortrait UIInterfaceOrientationPortraitUpsideDown UIInterfaceOrientationLandscapeLeft UIInterfaceOrientationLandscapeRight";
				INFOPLIST_KEY_UISupportedInterfaceOrientations_iPhone = "UIInterfaceOrientationPortrait UIInterfaceOrientationLandscapeLeft UIInterfaceOrientationLandscapeRight";
				LD_RUNPATH_SEARCH_PATHS = (
					"$(inherited)",
					"@executable_path/Frameworks",
				);
				MARKETING_VERSION = 1.0;
				PRODUCT_BUNDLE_IDENTIFIER = "cibertec.Proyecto-Grupo02-Zavala";
				PRODUCT_NAME = "$(TARGET_NAME)";
				SWIFT_EMIT_LOC_STRINGS = YES;
				SWIFT_VERSION = 5.0;
				TARGETED_DEVICE_FAMILY = "1,2";
			};
			name = Debug;
		};
		B70371002DAD9C44002D6791 /* Release */ = {
			isa = XCBuildConfiguration;
			buildSettings = {
				ASSETCATALOG_COMPILER_APPICON_NAME = AppIcon;
				ASSETCATALOG_COMPILER_GLOBAL_ACCENT_COLOR_NAME = AccentColor;
				CODE_SIGN_ENTITLEMENTS = Proyecto_Grupo02_Zavala/Proyecto_Grupo02_Zavala.entitlements;
				CODE_SIGN_STYLE = Automatic;
				CURRENT_PROJECT_VERSION = 1;
				GENERATE_INFOPLIST_FILE = YES;
				INFOPLIST_FILE = Proyecto_Grupo02_Zavala/Info.plist;
				INFOPLIST_KEY_UIApplicationSupportsIndirectInputEvents = YES;
				INFOPLIST_KEY_UILaunchStoryboardName = LaunchScreen;
				INFOPLIST_KEY_UIMainStoryboardFile = Main;
				INFOPLIST_KEY_UISupportedInterfaceOrientations_iPad = "UIInterfaceOrientationPortrait UIInterfaceOrientationPortraitUpsideDown UIInterfaceOrientationLandscapeLeft UIInterfaceOrientationLandscapeRight";
				INFOPLIST_KEY_UISupportedInterfaceOrientations_iPhone = "UIInterfaceOrientationPortrait UIInterfaceOrientationLandscapeLeft UIInterfaceOrientationLandscapeRight";
				LD_RUNPATH_SEARCH_PATHS = (
					"$(inherited)",
					"@executable_path/Frameworks",
				);
				MARKETING_VERSION = 1.0;
				PRODUCT_BUNDLE_IDENTIFIER = "cibertec.Proyecto-Grupo02-Zavala";
				PRODUCT_NAME = "$(TARGET_NAME)";
				SWIFT_EMIT_LOC_STRINGS = YES;
				SWIFT_VERSION = 5.0;
				TARGETED_DEVICE_FAMILY = "1,2";
			};
			name = Release;
		};
/* End XCBuildConfiguration section */

/* Begin XCConfigurationList section */
		B70370E12DAD9C43002D6791 /* Build configuration list for PBXProject "Proyecto_Grupo02_Zavala" */ = {
			isa = XCConfigurationList;
			buildConfigurations = (
				B70370FC2DAD9C44002D6791 /* Debug */,
				B70370FD2DAD9C44002D6791 /* Release */,
			);
			defaultConfigurationIsVisible = 0;
			defaultConfigurationName = Release;
		};
		B70370FE2DAD9C44002D6791 /* Build configuration list for PBXNativeTarget "Proyecto_Grupo02_Zavala" */ = {
			isa = XCConfigurationList;
			buildConfigurations = (
				B70370FF2DAD9C44002D6791 /* Debug */,
				B70371002DAD9C44002D6791 /* Release */,
			);
			defaultConfigurationIsVisible = 0;
			defaultConfigurationName = Release;
		};
/* End XCConfigurationList section */

/* Begin XCVersionGroup section */
		B70370F22DAD9C43002D6791 /* Proyecto_Grupo02_Zavala.xcdatamodeld */ = {
			isa = XCVersionGroup;
			children = (
				B70370F32DAD9C43002D6791 /* Proyecto_Grupo02_Zavala.xcdatamodel */,
			);
			currentVersion = B70370F32DAD9C43002D6791 /* Proyecto_Grupo02_Zavala.xcdatamodel */;
			path = Proyecto_Grupo02_Zavala.xcdatamodeld;
			sourceTree = "<group>";
			versionGroupType = wrapper.xcdatamodel;
		};
/* End XCVersionGroup section */
	};
	rootObject = B70370DE2DAD9C43002D6791 /* Project object */;
}
